
Microsoft Visual Studio Solution File, Format Version 12.00
# Visual Studio Version 17
VisualStudioVersion = 17.13.35806.99 d17.13
MinimumVisualStudioVersion = 10.0.40219.1
Project("{FAE04EC0-301F-11D3-BF4B-00C04F79EFBC}") = "frame01", "frame01\frame01.csproj", "{ACB20825-7A4E-4108-B522-161112B2F6BC}"
EndProject
Global
	GlobalSection(SolutionConfigurationPlatforms) = preSolution
		Debug|Any CPU = Debug|Any CPU
		Release|Any CPU = Release|Any CPU
	EndGlobalSection
	GlobalSection(ProjectConfigurationPlatforms) = postSolution
		{ACB20825-7A4E-4108-B522-161112B2F6BC}.Debug|Any CPU.ActiveCfg = Debug|Any CPU
		{ACB20825-7A4E-4108-B522-161112B2F6BC}.Debug|Any CPU.Build.0 = Debug|Any CPU
		{ACB20825-7A4E-4108-B522-161112B2F6BC}.Release|Any CPU.ActiveCfg = Release|Any CPU
		{ACB20825-7A4E-4108-B522-161112B2F6BC}.Release|Any CPU.Build.0 = Release|Any CPU
	EndGlobalSection
	GlobalSection(SolutionProperties) = preSolution
		HideSolutionNode = FALSE
	EndGlobalSection
	GlobalSection(ExtensibilityGlobals) = postSolution
		SolutionGuid = {4EF9591B-46B3-483F-87D6-E9C4EB0A802F}
	EndGlobalSection
EndGlobal
