
Microsoft Visual Studio Solution File, Format Version 12.00
# Visual Studio Version 17
VisualStudioVersion = 17.13.35806.99 d17.13
MinimumVisualStudioVersion = 10.0.40219.1
Project("{FAE04EC0-301F-11D3-BF4B-00C04F79EFBC}") = "Spec23", "Spec23\Spec23.csproj", "{499FA436-1FEA-4E1D-9B2A-0B1F53CCB30C}"
EndProject
Global
	GlobalSection(SolutionConfigurationPlatforms) = preSolution
		Debug|Any CPU = Debug|Any CPU
		Release|Any CPU = Release|Any CPU
	EndGlobalSection
	GlobalSection(ProjectConfigurationPlatforms) = postSolution
		{499FA436-1FEA-4E1D-9B2A-0B1F53CCB30C}.Debug|Any CPU.ActiveCfg = Debug|Any CPU
		{499FA436-1FEA-4E1D-9B2A-0B1F53CCB30C}.Debug|Any CPU.Build.0 = Debug|Any CPU
		{499FA436-1FEA-4E1D-9B2A-0B1F53CCB30C}.Release|Any CPU.ActiveCfg = Release|Any CPU
		{499FA436-1FEA-4E1D-9B2A-0B1F53CCB30C}.Release|Any CPU.Build.0 = Release|Any CPU
	EndGlobalSection
	GlobalSection(SolutionProperties) = preSolution
		HideSolutionNode = FALSE
	EndGlobalSection
	GlobalSection(ExtensibilityGlobals) = postSolution
		SolutionGuid = {7D09E77B-8ECC-4269-ABC8-66ED94EE7479}
	EndGlobalSection
EndGlobal
