
Microsoft Visual Studio Solution File, Format Version 12.00
# Visual Studio Version 17
VisualStudioVersion = 17.13.35806.99 d17.13
MinimumVisualStudioVersion = 10.0.40219.1
Project("{FAE04EC0-301F-11D3-BF4B-00C04F79EFBC}") = "n_arc02", "n_arc02\n_arc02.csproj", "{3FD76519-C272-4E7D-B0C4-27DBEB5C04DC}"
EndProject
Global
	GlobalSection(SolutionConfigurationPlatforms) = preSolution
		Debug|Any CPU = Debug|Any CPU
		Release|Any CPU = Release|Any CPU
	EndGlobalSection
	GlobalSection(ProjectConfigurationPlatforms) = postSolution
		{3FD76519-C272-4E7D-B0C4-27DBEB5C04DC}.Debug|Any CPU.ActiveCfg = Debug|Any CPU
		{3FD76519-C272-4E7D-B0C4-27DBEB5C04DC}.Debug|Any CPU.Build.0 = Debug|Any CPU
		{3FD76519-C272-4E7D-B0C4-27DBEB5C04DC}.Release|Any CPU.ActiveCfg = Release|Any CPU
		{3FD76519-C272-4E7D-B0C4-27DBEB5C04DC}.Release|Any CPU.Build.0 = Release|Any CPU
	EndGlobalSection
	GlobalSection(SolutionProperties) = preSolution
		HideSolutionNode = FALSE
	EndGlobalSection
	GlobalSection(ExtensibilityGlobals) = postSolution
		SolutionGuid = {A85BDB09-3CA5-4A0F-8836-5EF32B9C5C46}
	EndGlobalSection
EndGlobal
