
Microsoft Visual Studio Solution File, Format Version 12.00
# Visual Studio Version 17
VisualStudioVersion = 17.13.35806.99 d17.13
MinimumVisualStudioVersion = 10.0.40219.1
Project("{FAE04EC0-301F-11D3-BF4B-00C04F79EFBC}") = "line2line01", "line2line01\line2line01.csproj", "{882DA48F-9922-437A-8021-9D0AD0742EE5}"
EndProject
Global
	GlobalSection(SolutionConfigurationPlatforms) = preSolution
		Debug|Any CPU = Debug|Any CPU
		Release|Any CPU = Release|Any CPU
	EndGlobalSection
	GlobalSection(ProjectConfigurationPlatforms) = postSolution
		{882DA48F-9922-437A-8021-9D0AD0742EE5}.Debug|Any CPU.ActiveCfg = Debug|Any CPU
		{882DA48F-9922-437A-8021-9D0AD0742EE5}.Debug|Any CPU.Build.0 = Debug|Any CPU
		{882DA48F-9922-437A-8021-9D0AD0742EE5}.Release|Any CPU.ActiveCfg = Release|Any CPU
		{882DA48F-9922-437A-8021-9D0AD0742EE5}.Release|Any CPU.Build.0 = Release|Any CPU
	EndGlobalSection
	GlobalSection(SolutionProperties) = preSolution
		HideSolutionNode = FALSE
	EndGlobalSection
	GlobalSection(ExtensibilityGlobals) = postSolution
		SolutionGuid = {EECCEDB6-9D8C-4726-9FDF-9800939A0E6B}
	EndGlobalSection
EndGlobal
