
Microsoft Visual Studio Solution File, Format Version 12.00
# Visual Studio Version 17
VisualStudioVersion = 17.13.35806.99 d17.13
MinimumVisualStudioVersion = 10.0.40219.1
Project("{FAE04EC0-301F-11D3-BF4B-00C04F79EFBC}") = "С01opora", "С01opora\С01opora.csproj", "{9CAA3C4D-E292-4250-9D57-D91E60F105FF}"
EndProject
Global
	GlobalSection(SolutionConfigurationPlatforms) = preSolution
		Debug|Any CPU = Debug|Any CPU
		Release|Any CPU = Release|Any CPU
	EndGlobalSection
	GlobalSection(ProjectConfigurationPlatforms) = postSolution
		{9CAA3C4D-E292-4250-9D57-D91E60F105FF}.Debug|Any CPU.ActiveCfg = Debug|Any CPU
		{9CAA3C4D-E292-4250-9D57-D91E60F105FF}.Debug|Any CPU.Build.0 = Debug|Any CPU
		{9CAA3C4D-E292-4250-9D57-D91E60F105FF}.Release|Any CPU.ActiveCfg = Release|Any CPU
		{9CAA3C4D-E292-4250-9D57-D91E60F105FF}.Release|Any CPU.Build.0 = Release|Any CPU
	EndGlobalSection
	GlobalSection(SolutionProperties) = preSolution
		HideSolutionNode = FALSE
	EndGlobalSection
	GlobalSection(ExtensibilityGlobals) = postSolution
		SolutionGuid = {B61BF483-352E-453F-88BD-73203BF22594}
	EndGlobalSection
EndGlobal
