
Microsoft Visual Studio Solution File, Format Version 12.00
# Visual Studio Version 17
VisualStudioVersion = 17.13.35806.99 d17.13
MinimumVisualStudioVersion = 10.0.40219.1
Project("{FAE04EC0-301F-11D3-BF4B-00C04F79EFBC}") = "less01", "less01\less01.csproj", "{748B2463-A78E-4D9A-A5BE-036FF1FB99E6}"
EndProject
Global
	GlobalSection(SolutionConfigurationPlatforms) = preSolution
		Debug|Any CPU = Debug|Any CPU
		Release|Any CPU = Release|Any CPU
	EndGlobalSection
	GlobalSection(ProjectConfigurationPlatforms) = postSolution
		{748B2463-A78E-4D9A-A5BE-036FF1FB99E6}.Debug|Any CPU.ActiveCfg = Debug|Any CPU
		{748B2463-A78E-4D9A-A5BE-036FF1FB99E6}.Debug|Any CPU.Build.0 = Debug|Any CPU
		{748B2463-A78E-4D9A-A5BE-036FF1FB99E6}.Release|Any CPU.ActiveCfg = Release|Any CPU
		{748B2463-A78E-4D9A-A5BE-036FF1FB99E6}.Release|Any CPU.Build.0 = Release|Any CPU
	EndGlobalSection
	GlobalSection(SolutionProperties) = preSolution
		HideSolutionNode = FALSE
	EndGlobalSection
	GlobalSection(ExtensibilityGlobals) = postSolution
		SolutionGuid = {3D46D55E-66B9-41F6-9F62-69C9AA0862BE}
	EndGlobalSection
EndGlobal
