
Microsoft Visual Studio Solution File, Format Version 12.00
# Visual Studio Version 17
VisualStudioVersion = 17.13.35806.99 d17.13
MinimumVisualStudioVersion = 10.0.40219.1
Project("{FAE04EC0-301F-11D3-BF4B-00C04F79EFBC}") = "EdgePoint01", "EdgePoint01\EdgePoint01.csproj", "{BC1D39AD-5273-4015-BF4B-917720E81571}"
EndProject
Global
	GlobalSection(SolutionConfigurationPlatforms) = preSolution
		Debug|Any CPU = Debug|Any CPU
		Release|Any CPU = Release|Any CPU
	EndGlobalSection
	GlobalSection(ProjectConfigurationPlatforms) = postSolution
		{BC1D39AD-5273-4015-BF4B-917720E81571}.Debug|Any CPU.ActiveCfg = Debug|Any CPU
		{BC1D39AD-5273-4015-BF4B-917720E81571}.Debug|Any CPU.Build.0 = Debug|Any CPU
		{BC1D39AD-5273-4015-BF4B-917720E81571}.Release|Any CPU.ActiveCfg = Release|Any CPU
		{BC1D39AD-5273-4015-BF4B-917720E81571}.Release|Any CPU.Build.0 = Release|Any CPU
	EndGlobalSection
	GlobalSection(SolutionProperties) = preSolution
		HideSolutionNode = FALSE
	EndGlobalSection
	GlobalSection(ExtensibilityGlobals) = postSolution
		SolutionGuid = {EAD79E59-46FA-4FDA-AF26-4D2CA57864AC}
	EndGlobalSection
EndGlobal
